{
  "name": "shared-pkg",
  "version": "0.0.0",
  "lockfileVersion": 3,
  "requires": true,
  "packages": {
    "": {
      "name": "shared-pkg",
      "version": "0.0.0",
      "dependencies": {
        "cjs-pkg": "file:../cjs-pkg"
      }
    },
    "../cjs-pkg": {
      "version": "0.0.0",
      "dependencies": {
        "cjs-pkg": "file:../cjs-pkg"
      }
    },
    "node_modules/cjs-pkg": {
      "resolved": "../cjs-pkg",
      "link": true
    }
  }
}
